// !$*UTF8*$!
{
	archiveVersion = 1;
	classes = {
	};
	objectVersion = 56;
	objects = {

/* Begin PBXBuildFile section */
		6317824D2A657F9100BA2C7E /* DayView.swift in Sources */ = {isa = PBXBuildFile; fileRef = 6317824C2A657F9100BA2C7E /* DayView.swift */; };
		631782532A65805000BA2C7E /* WeatherModel.swift in Sources */ = {isa = PBXBuildFile; fileRef = 631782522A65805000BA2C7E /* WeatherModel.swift */; };
		631782552A65806100BA2C7E /* WeatherViewModel.swift in Sources */ = {isa = PBXBuildFile; fileRef = 631782542A65806100BA2C7E /* WeatherViewModel.swift */; };
		631782572A65807B00BA2C7E /* WeatherAPI.swift in Sources */ = {isa = PBXBuildFile; fileRef = 631782562A65807B00BA2C7E /* WeatherAPI.swift */; };
		632D6B1B2A714A1100F4C1D2 /* Constants.swift in Sources */ = {isa = PBXBuildFile; fileRef = 632D6B1A2A714A1100F4C1D2 /* Constants.swift */; };
		63D6F3DB2A687D820085C567 /* WeatherAngelTests.swift in Sources */ = {isa = PBXBuildFile; fileRef = 63D6F3DA2A687D820085C567 /* WeatherAngelTests.swift */; };
		63DA8B642A64397200944743 /* WeatherAngelApp.swift in Sources */ = {isa = PBXBuildFile; fileRef = 63DA8B632A64397200944743 /* WeatherAngelApp.swift */; };
		63DA8B662A64397200944743 /* ContentView.swift in Sources */ = {isa = PBXBuildFile; fileRef = 63DA8B652A64397200944743 /* ContentView.swift */; };
		63DA8B682A64397A00944743 /* Assets.xcassets in Resources */ = {isa = PBXBuildFile; fileRef = 63DA8B672A64397A00944743 /* Assets.xcassets */; };
		63DA8B6B2A64397A00944743 /* Preview Assets.xcassets in Resources */ = {isa = PBXBuildFile; fileRef = 63DA8B6A2A64397A00944743 /* Preview Assets.xcassets */; };
/* End PBXBuildFile section */

/* Begin PBXContainerItemProxy section */
		63D6F3DC2A687D820085C567 /* PBXContainerItemProxy */ = {
			isa = PBXContainerItemProxy;
			containerPortal = 63DA8B582A64397200944743 /* Project object */;
			proxyType = 1;
			remoteGlobalIDString = 63DA8B5F2A64397200944743;
			remoteInfo = WeatherAngel;
		};
/* End PBXContainerItemProxy section */

/* Begin PBXFileReference section */
		6317824C2A657F9100BA2C7E /* DayView.swift */ = {isa = PBXFileReference; lastKnownFileType = sourcecode.swift; path = DayView.swift; sourceTree = "<group>"; };
		631782522A65805000BA2C7E /* WeatherModel.swift */ = {isa = PBXFileReference; lastKnownFileType = sourcecode.swift; path = WeatherModel.swift; sourceTree = "<group>"; };
		631782542A65806100BA2C7E /* WeatherViewModel.swift */ = {isa = PBXFileReference; lastKnownFileType = sourcecode.swift; path = WeatherViewModel.swift; sourceTree = "<group>"; };
		631782562A65807B00BA2C7E /* WeatherAPI.swift */ = {isa = PBXFileReference; lastKnownFileType = sourcecode.swift; path = WeatherAPI.swift; sourceTree = "<group>"; };
		632D6B1A2A714A1100F4C1D2 /* Constants.swift */ = {isa = PBXFileReference; lastKnownFileType = sourcecode.swift; path = Constants.swift; sourceTree = "<group>"; };
		63D6F3D82A687D820085C567 /* WeatherAngelTests.xctest */ = {isa = PBXFileReference; explicitFileType = wrapper.cfbundle; includeInIndex = 0; path = WeatherAngelTests.xctest; sourceTree = BUILT_PRODUCTS_DIR; };
		63D6F3DA2A687D820085C567 /* WeatherAngelTests.swift */ = {isa = PBXFileReference; lastKnownFileType = sourcecode.swift; path = WeatherAngelTests.swift; sourceTree = "<group>"; };
		63DA8B602A64397200944743 /* WeatherAngel.app */ = {isa = PBXFileReference; explicitFileType = wrapper.application; includeInIndex = 0; path = WeatherAngel.app; sourceTree = BUILT_PRODUCTS_DIR; };
		63DA8B632A64397200944743 /* WeatherAngelApp.swift */ = {isa = PBXFileReference; lastKnownFileType = sourcecode.swift; path = WeatherAngelApp.swift; sourceTree = "<group>"; };
		63DA8B652A64397200944743 /* ContentView.swift */ = {isa = PBXFileReference; lastKnownFileType = sourcecode.swift; path = ContentView.swift; sourceTree = "<group>"; };
		63DA8B672A64397A00944743 /* Assets.xcassets */ = {isa = PBXFileReference; lastKnownFileType = folder.assetcatalog; path = Assets.xcassets; sourceTree = "<group>"; };
		63DA8B6A2A64397A00944743 /* Preview Assets.xcassets */ = {isa = PBXFileReference; lastKnownFileType = folder.assetcatalog; path = "Preview Assets.xcassets"; sourceTree = "<group>"; };
/* End PBXFileReference section */

/* Begin PBXFrameworksBuildPhase section */
		63D6F3D52A687D820085C567 /* Frameworks */ = {
			isa = PBXFrameworksBuildPhase;
			buildActionMask = 2147483647;
			files = (
			);
			runOnlyForDeploymentPostprocessing = 0;
		};
		63DA8B5D2A64397200944743 /* Frameworks */ = {
			isa = PBXFrameworksBuildPhase;
			buildActionMask = 2147483647;
			files = (
			);
			runOnlyForDeploymentPostprocessing = 0;
		};
/* End PBXFrameworksBuildPhase section */

/* Begin PBXGroup section */
		6317824E2A657FB900BA2C7E /* Views */ = {
			isa = PBXGroup;
			children = (
				63DA8B652A64397200944743 /* ContentView.swift */,
				6317824C2A657F9100BA2C7E /* DayView.swift */,
			);
			path = Views;
			sourceTree = "<group>";
		};
		6317824F2A657FC200BA2C7E /* Models */ = {
			isa = PBXGroup;
			children = (
				631782522A65805000BA2C7E /* WeatherModel.swift */,
				632D6B1A2A714A1100F4C1D2 /* Constants.swift */,
			);
			path = Models;
			sourceTree = "<group>";
		};
		631782502A657FD000BA2C7E /* View Models */ = {
			isa = PBXGroup;
			children = (
				631782542A65806100BA2C7E /* WeatherViewModel.swift */,
			);
			path = "View Models";
			sourceTree = "<group>";
		};
		631782512A657FDA00BA2C7E /* Networking */ = {
			isa = PBXGroup;
			children = (
				631782562A65807B00BA2C7E /* WeatherAPI.swift */,
			);
			path = Networking;
			sourceTree = "<group>";
		};
		63D6F3D92A687D820085C567 /* WeatherAngelTests */ = {
			isa = PBXGroup;
			children = (
				63D6F3DA2A687D820085C567 /* WeatherAngelTests.swift */,
			);
			path = WeatherAngelTests;
			sourceTree = "<group>";
		};
		63DA8B572A64397200944743 = {
			isa = PBXGroup;
			children = (
				63DA8B622A64397200944743 /* WeatherAngel */,
				63D6F3D92A687D820085C567 /* WeatherAngelTests */,
				63DA8B612A64397200944743 /* Products */,
			);
			sourceTree = "<group>";
		};
		63DA8B612A64397200944743 /* Products */ = {
			isa = PBXGroup;
			children = (
				63DA8B602A64397200944743 /* WeatherAngel.app */,
				63D6F3D82A687D820085C567 /* WeatherAngelTests.xctest */,
			);
			name = Products;
			sourceTree = "<group>";
		};
		63DA8B622A64397200944743 /* WeatherAngel */ = {
			isa = PBXGroup;
			children = (
				63DA8B632A64397200944743 /* WeatherAngelApp.swift */,
				63DA8B672A64397A00944743 /* Assets.xcassets */,
				63DA8B692A64397A00944743 /* Preview Content */,
				6317824F2A657FC200BA2C7E /* Models */,
				6317824E2A657FB900BA2C7E /* Views */,
				631782502A657FD000BA2C7E /* View Models */,
				631782512A657FDA00BA2C7E /* Networking */,
			);
			path = WeatherAngel;
			sourceTree = "<group>";
		};
		63DA8B692A64397A00944743 /* Preview Content */ = {
			isa = PBXGroup;
			children = (
				63DA8B6A2A64397A00944743 /* Preview Assets.xcassets */,
			);
			path = "Preview Content";
			sourceTree = "<group>";
		};
/* End PBXGroup section */

/* Begin PBXNativeTarget section */
		63D6F3D72A687D820085C567 /* WeatherAngelTests */ = {
			isa = PBXNativeTarget;
			buildConfigurationList = 63D6F3DE2A687D820085C567 /* Build configuration list for PBXNativeTarget "WeatherAngelTests" */;
			buildPhases = (
				63D6F3D42A687D820085C567 /* Sources */,
				63D6F3D52A687D820085C567 /* Frameworks */,
				63D6F3D62A687D820085C567 /* Resources */,
			);
			buildRules = (
			);
			dependencies = (
				63D6F3DD2A687D820085C567 /* PBXTargetDependency */,
			);
			name = WeatherAngelTests;
			productName = WeatherAngelTests;
			productReference = 63D6F3D82A687D820085C567 /* WeatherAngelTests.xctest */;
			productType = "com.apple.product-type.bundle.unit-test";
		};
		63DA8B5F2A64397200944743 /* WeatherAngel */ = {
			isa = PBXNativeTarget;
			buildConfigurationList = 63DA8B6E2A64397A00944743 /* Build configuration list for PBXNativeTarget "WeatherAngel" */;
			buildPhases = (
				63DA8B5C2A64397200944743 /* Sources */,
				63DA8B5D2A64397200944743 /* Frameworks */,
				63DA8B5E2A64397200944743 /* Resources */,
			);
			buildRules = (
			);
			dependencies = (
			);
			name = WeatherAngel;
			productName = WeatherAngel;
			productReference = 63DA8B602A64397200944743 /* WeatherAngel.app */;
			productType = "com.apple.product-type.application";
		};
/* End PBXNativeTarget section */

/* Begin PBXProject section */
		63DA8B582A64397200944743 /* Project object */ = {
			isa = PBXProject;
			attributes = {
				BuildIndependentTargetsInParallel = 1;
				LastSwiftUpdateCheck = 1430;
				LastUpgradeCheck = 1430;
				TargetAttributes = {
					63D6F3D72A687D820085C567 = {
						CreatedOnToolsVersion = 14.3.1;
						TestTargetID = 63DA8B5F2A64397200944743;
					};
					63DA8B5F2A64397200944743 = {
						CreatedOnToolsVersion = 14.3.1;
					};
				};
			};
			buildConfigurationList = 63DA8B5B2A64397200944743 /* Build configuration list for PBXProject "WeatherAngel" */;
			compatibilityVersion = "Xcode 14.0";
			developmentRegion = en;
			hasScannedForEncodings = 0;
			knownRegions = (
				en,
				Base,
			);
			mainGroup = 63DA8B572A64397200944743;
			productRefGroup = 63DA8B612A64397200944743 /* Products */;
			projectDirPath = "";
			projectRoot = "";
			targets = (
				63DA8B5F2A64397200944743 /* WeatherAngel */,
				63D6F3D72A687D820085C567 /* WeatherAngelTests */,
			);
		};
/* End PBXProject section */

/* Begin PBXResourcesBuildPhase section */
		63D6F3D62A687D820085C567 /* Resources */ = {
			isa = PBXResourcesBuildPhase;
			buildActionMask = 2147483647;
			files = (
			);
			runOnlyForDeploymentPostprocessing = 0;
		};
		63DA8B5E2A64397200944743 /* Resources */ = {
			isa = PBXResourcesBuildPhase;
			buildActionMask = 2147483647;
			files = (
				63DA8B6B2A64397A00944743 /* Preview Assets.xcassets in Resources */,
				63DA8B682A64397A00944743 /* Assets.xcassets in Resources */,
			);
			runOnlyForDeploymentPostprocessing = 0;
		};
/* End PBXResourcesBuildPhase section */

/* Begin PBXSourcesBuildPhase section */
		63D6F3D42A687D820085C567 /* Sources */ = {
			isa = PBXSourcesBuildPhase;
			buildActionMask = 2147483647;
			files = (
				63D6F3DB2A687D820085C567 /* WeatherAngelTests.swift in Sources */,
			);
			runOnlyForDeploymentPostprocessing = 0;
		};
		63DA8B5C2A64397200944743 /* Sources */ = {
			isa = PBXSourcesBuildPhase;
			buildActionMask = 2147483647;
			files = (
				63DA8B662A64397200944743 /* ContentView.swift in Sources */,
				631782552A65806100BA2C7E /* WeatherViewModel.swift in Sources */,
				6317824D2A657F9100BA2C7E /* DayView.swift in Sources */,
				631782572A65807B00BA2C7E /* WeatherAPI.swift in Sources */,
				632D6B1B2A714A1100F4C1D2 /* Constants.swift in Sources */,
				63DA8B642A64397200944743 /* WeatherAngelApp.swift in Sources */,
				631782532A65805000BA2C7E /* WeatherModel.swift in Sources */,
			);
			runOnlyForDeploymentPostprocessing = 0;
		};
/* End PBXSourcesBuildPhase section */

/* Begin PBXTargetDependency section */
		63D6F3DD2A687D820085C567 /* PBXTargetDependency */ = {
			isa = PBXTargetDependency;
			target = 63DA8B5F2A64397200944743 /* WeatherAngel */;
			targetProxy = 63D6F3DC2A687D820085C567 /* PBXContainerItemProxy */;
		};
/* End PBXTargetDependency section */

/* Begin XCBuildConfiguration section */
		63D6F3DF2A687D820085C567 /* Debug */ = {
			isa = XCBuildConfiguration;
			buildSettings = {
				BUNDLE_LOADER = "$(TEST_HOST)";
				CODE_SIGN_STYLE = Automatic;
				CURRENT_PROJECT_VERSION = 1;
				DEVELOPMENT_TEAM = RQD3YR566W;
				GENERATE_INFOPLIST_FILE = YES;
				MARKETING_VERSION = 1.0;
				PRODUCT_BUNDLE_IDENTIFIER = com.jamespenny.WeatherAngelTests;
				PRODUCT_NAME = "$(TARGET_NAME)";
				SWIFT_EMIT_LOC_STRINGS = NO;
				SWIFT_VERSION = 5.0;
				TARGETED_DEVICE_FAMILY = "1,2";
				TEST_HOST = "$(BUILT_PRODUCTS_DIR)/WeatherAngel.app/$(BUNDLE_EXECUTABLE_FOLDER_PATH)/WeatherAngel";
			};
			name = Debug;
		};
		63D6F3E02A687D820085C567 /* Release */ = {
			isa = XCBuildConfiguration;
			buildSettings = {
				BUNDLE_LOADER = "$(TEST_HOST)";
				CODE_SIGN_STYLE = Automatic;
				CURRENT_PROJECT_VERSION = 1;
				DEVELOPMENT_TEAM = RQD3YR566W;
				GENERATE_INFOPLIST_FILE = YES;
				MARKETING_VERSION = 1.0;
				PRODUCT_BUNDLE_IDENTIFIER = com.jamespenny.WeatherAngelTests;
				PRODUCT_NAME = "$(TARGET_NAME)";
				SWIFT_EMIT_LOC_STRINGS = NO;
				SWIFT_VERSION = 5.0;
				TARGETED_DEVICE_FAMILY = "1,2";
				TEST_HOST = "$(BUILT_PRODUCTS_DIR)/WeatherAngel.app/$(BUNDLE_EXECUTABLE_FOLDER_PATH)/WeatherAngel";
			};
			name = Release;
		};
		63DA8B6C2A64397A00944743 /* Debug */ = {
			isa = XCBuildConfiguration;
			buildSettings = {
				ALWAYS_SEARCH_USER_PATHS = NO;
				CLANG_ANALYZER_NONNULL = YES;
				CLANG_ANALYZER_NUMBER_OBJECT_CONVERSION = YES_AGGRESSIVE;
				CLANG_CXX_LANGUAGE_STANDARD = "gnu++20";
				CLANG_ENABLE_MODULES = YES;
				CLANG_ENABLE_OBJC_ARC = YES;
				CLANG_ENABLE_OBJC_WEAK = YES;
				CLANG_WARN_BLOCK_CAPTURE_AUTORELEASING = YES;
				CLANG_WARN_BOOL_CONVERSION = YES;
				CLANG_WARN_COMMA = YES;
				CLANG_WARN_CONSTANT_CONVERSION = YES;
				CLANG_WARN_DEPRECATED_OBJC_IMPLEMENTATIONS = YES;
				CLANG_WARN_DIRECT_OBJC_ISA_USAGE = YES_ERROR;
				CLANG_WARN_DOCUMENTATION_COMMENTS = YES;
				CLANG_WARN_EMPTY_BODY = YES;
				CLANG_WARN_ENUM_CONVERSION = YES;
				CLANG_WARN_INFINITE_RECURSION = YES;
				CLANG_WARN_INT_CONVERSION = YES;
				CLANG_WARN_NON_LITERAL_NULL_CONVERSION = YES;
				CLANG_WARN_OBJC_IMPLICIT_RETAIN_SELF = YES;
				CLANG_WARN_OBJC_LITERAL_CONVERSION = YES;
				CLANG_WARN_OBJC_ROOT_CLASS = YES_ERROR;
				CLANG_WARN_QUOTED_INCLUDE_IN_FRAMEWORK_HEADER = YES;
				CLANG_WARN_RANGE_LOOP_ANALYSIS = YES;
				CLANG_WARN_STRICT_PROTOTYPES = YES;
				CLANG_WARN_SUSPICIOUS_MOVE = YES;
				CLANG_WARN_UNGUARDED_AVAILABILITY = YES_AGGRESSIVE;
				CLANG_WARN_UNREACHABLE_CODE = YES;
				CLANG_WARN__DUPLICATE_METHOD_MATCH = YES;
				COPY_PHASE_STRIP = NO;
				DEBUG_INFORMATION_FORMAT = dwarf;
				ENABLE_STRICT_OBJC_MSGSEND = YES;
				ENABLE_TESTABILITY = YES;
				GCC_C_LANGUAGE_STANDARD = gnu11;
				GCC_DYNAMIC_NO_PIC = NO;
				GCC_NO_COMMON_BLOCKS = YES;
				GCC_OPTIMIZATION_LEVEL = 0;
				GCC_PREPROCESSOR_DEFINITIONS = (
					"DEBUG=1",
					"$(inherited)",
				);
				GCC_WARN_64_TO_32_BIT_CONVERSION = YES;
				GCC_WARN_ABOUT_RETURN_TYPE = YES_ERROR;
				GCC_WARN_UNDECLARED_SELECTOR = YES;
				GCC_WARN_UNINITIALIZED_AUTOS = YES_AGGRESSIVE;
				GCC_WARN_UNUSED_FUNCTION = YES;
				GCC_WARN_UNUSED_VARIABLE = YES;
				IPHONEOS_DEPLOYMENT_TARGET = 16.4;
				MTL_ENABLE_DEBUG_INFO = INCLUDE_SOURCE;
				MTL_FAST_MATH = YES;
				ONLY_ACTIVE_ARCH = YES;
				SDKROOT = iphoneos;
				SWIFT_ACTIVE_COMPILATION_CONDITIONS = DEBUG;
				SWIFT_OPTIMIZATION_LEVEL = "-Onone";
			};
			name = Debug;
		};
		63DA8B6D2A64397A00944743 /* Release */ = {
			isa = XCBuildConfiguration;
			buildSettings = {
				ALWAYS_SEARCH_USER_PATHS = NO;
				CLANG_ANALYZER_NONNULL = YES;
				CLANG_ANALYZER_NUMBER_OBJECT_CONVERSION = YES_AGGRESSIVE;
				CLANG_CXX_LANGUAGE_STANDARD = "gnu++20";
				CLANG_ENABLE_MODULES = YES;
				CLANG_ENABLE_OBJC_ARC = YES;
				CLANG_ENABLE_OBJC_WEAK = YES;
				CLANG_WARN_BLOCK_CAPTURE_AUTORELEASING = YES;
				CLANG_WARN_BOOL_CONVERSION = YES;
				CLANG_WARN_COMMA = YES;
				CLANG_WARN_CONSTANT_CONVERSION = YES;
				CLANG_WARN_DEPRECATED_OBJC_IMPLEMENTATIONS = YES;
				CLANG_WARN_DIRECT_OBJC_ISA_USAGE = YES_ERROR;
				CLANG_WARN_DOCUMENTATION_COMMENTS = YES;
				CLANG_WARN_EMPTY_BODY = YES;
				CLANG_WARN_ENUM_CONVERSION = YES;
				CLANG_WARN_INFINITE_RECURSION = YES;
				CLANG_WARN_INT_CONVERSION = YES;
				CLANG_WARN_NON_LITERAL_NULL_CONVERSION = YES;
				CLANG_WARN_OBJC_IMPLICIT_RETAIN_SELF = YES;
				CLANG_WARN_OBJC_LITERAL_CONVERSION = YES;
				CLANG_WARN_OBJC_ROOT_CLASS = YES_ERROR;
				CLANG_WARN_QUOTED_INCLUDE_IN_FRAMEWORK_HEADER = YES;
				CLANG_WARN_RANGE_LOOP_ANALYSIS = YES;
				CLANG_WARN_STRICT_PROTOTYPES = YES;
				CLANG_WARN_SUSPICIOUS_MOVE = YES;
				CLANG_WARN_UNGUARDED_AVAILABILITY = YES_AGGRESSIVE;
				CLANG_WARN_UNREACHABLE_CODE = YES;
				CLANG_WARN__DUPLICATE_METHOD_MATCH = YES;
				COPY_PHASE_STRIP = NO;
				DEBUG_INFORMATION_FORMAT = "dwarf-with-dsym";
				ENABLE_NS_ASSERTIONS = NO;
				ENABLE_STRICT_OBJC_MSGSEND = YES;
				GCC_C_LANGUAGE_STANDARD = gnu11;
				GCC_NO_COMMON_BLOCKS = YES;
				GCC_WARN_64_TO_32_BIT_CONVERSION = YES;
				GCC_WARN_ABOUT_RETURN_TYPE = YES_ERROR;
				GCC_WARN_UNDECLARED_SELECTOR = YES;
				GCC_WARN_UNINITIALIZED_AUTOS = YES_AGGRESSIVE;
				GCC_WARN_UNUSED_FUNCTION = YES;
				GCC_WARN_UNUSED_VARIABLE = YES;
				IPHONEOS_DEPLOYMENT_TARGET = 16.4;
				MTL_ENABLE_DEBUG_INFO = NO;
				MTL_FAST_MATH = YES;
				SDKROOT = iphoneos;
				SWIFT_COMPILATION_MODE = wholemodule;
				SWIFT_OPTIMIZATION_LEVEL = "-O";
				VALIDATE_PRODUCT = YES;
			};
			name = Release;
		};
		63DA8B6F2A64397A00944743 /* Debug */ = {
			isa = XCBuildConfiguration;
			buildSettings = {
				ASSETCATALOG_COMPILER_APPICON_NAME = AppIcon;
				ASSETCATALOG_COMPILER_GLOBAL_ACCENT_COLOR_NAME = AccentColor;
				CODE_SIGN_STYLE = Automatic;
				CURRENT_PROJECT_VERSION = 1;
				DEVELOPMENT_ASSET_PATHS = "\"WeatherAngel/Preview Content\"";
				DEVELOPMENT_TEAM = RQD3YR566W;
				ENABLE_PREVIEWS = YES;
				GENERATE_INFOPLIST_FILE = YES;
				INFOPLIST_KEY_UIApplicationSceneManifest_Generation = YES;
				INFOPLIST_KEY_UIApplicationSupportsIndirectInputEvents = YES;
				INFOPLIST_KEY_UILaunchScreen_Generation = YES;
				INFOPLIST_KEY_UISupportedInterfaceOrientations_iPad = "UIInterfaceOrientationPortrait UIInterfaceOrientationPortraitUpsideDown UIInterfaceOrientationLandscapeLeft UIInterfaceOrientationLandscapeRight";
				INFOPLIST_KEY_UISupportedInterfaceOrientations_iPhone = "UIInterfaceOrientationPortrait UIInterfaceOrientationLandscapeLeft UIInterfaceOrientationLandscapeRight";
				LD_RUNPATH_SEARCH_PATHS = (
					"$(inherited)",
					"@executable_path/Frameworks",
				);
				MARKETING_VERSION = 1.0;
				PRODUCT_BUNDLE_IDENTIFIER = com.jamespenny.WeatherAngel;
				PRODUCT_NAME = "$(TARGET_NAME)";
				SWIFT_EMIT_LOC_STRINGS = YES;
				SWIFT_VERSION = 5.0;
				TARGETED_DEVICE_FAMILY = "1,2";
			};
			name = Debug;
		};
		63DA8B702A64397A00944743 /* Release */ = {
			isa = XCBuildConfiguration;
			buildSettings = {
				ASSETCATALOG_COMPILER_APPICON_NAME = AppIcon;
				ASSETCATALOG_COMPILER_GLOBAL_ACCENT_COLOR_NAME = AccentColor;
				CODE_SIGN_STYLE = Automatic;
				CURRENT_PROJECT_VERSION = 1;
				DEVELOPMENT_ASSET_PATHS = "\"WeatherAngel/Preview Content\"";
				DEVELOPMENT_TEAM = RQD3YR566W;
				ENABLE_PREVIEWS = YES;
				GENERATE_INFOPLIST_FILE = YES;
				INFOPLIST_KEY_UIApplicationSceneManifest_Generation = YES;
				INFOPLIST_KEY_UIApplicationSupportsIndirectInputEvents = YES;
				INFOPLIST_KEY_UILaunchScreen_Generation = YES;
				INFOPLIST_KEY_UISupportedInterfaceOrientations_iPad = "UIInterfaceOrientationPortrait UIInterfaceOrientationPortraitUpsideDown UIInterfaceOrientationLandscapeLeft UIInterfaceOrientationLandscapeRight";
				INFOPLIST_KEY_UISupportedInterfaceOrientations_iPhone = "UIInterfaceOrientationPortrait UIInterfaceOrientationLandscapeLeft UIInterfaceOrientationLandscapeRight";
				LD_RUNPATH_SEARCH_PATHS = (
					"$(inherited)",
					"@executable_path/Frameworks",
				);
				MARKETING_VERSION = 1.0;
				PRODUCT_BUNDLE_IDENTIFIER = com.jamespenny.WeatherAngel;
				PRODUCT_NAME = "$(TARGET_NAME)";
				SWIFT_EMIT_LOC_STRINGS = YES;
				SWIFT_VERSION = 5.0;
				TARGETED_DEVICE_FAMILY = "1,2";
			};
			name = Release;
		};
/* End XCBuildConfiguration section */

/* Begin XCConfigurationList section */
		63D6F3DE2A687D820085C567 /* Build configuration list for PBXNativeTarget "WeatherAngelTests" */ = {
			isa = XCConfigurationList;
			buildConfigurations = (
				63D6F3DF2A687D820085C567 /* Debug */,
				63D6F3E02A687D820085C567 /* Release */,
			);
			defaultConfigurationIsVisible = 0;
			defaultConfigurationName = Release;
		};
		63DA8B5B2A64397200944743 /* Build configuration list for PBXProject "WeatherAngel" */ = {
			isa = XCConfigurationList;
			buildConfigurations = (
				63DA8B6C2A64397A00944743 /* Debug */,
				63DA8B6D2A64397A00944743 /* Release */,
			);
			defaultConfigurationIsVisible = 0;
			defaultConfigurationName = Release;
		};
		63DA8B6E2A64397A00944743 /* Build configuration list for PBXNativeTarget "WeatherAngel" */ = {
			isa = XCConfigurationList;
			buildConfigurations = (
				63DA8B6F2A64397A00944743 /* Debug */,
				63DA8B702A64397A00944743 /* Release */,
			);
			defaultConfigurationIsVisible = 0;
			defaultConfigurationName = Release;
		};
/* End XCConfigurationList section */
	};
	rootObject = 63DA8B582A64397200944743 /* Project object */;
}
